{
  "name": "inkr-solo-project",
  "version": "1.0.0",
  "lockfileVersion": 1,
  "requires": true,
  "dependencies": {
    "react-responsive-masonry": {
      "version": "2.1.4",
      "resolved": "https://registry.npmjs.org/react-responsive-masonry/-/react-responsive-masonry-2.1.4.tgz",
      "integrity": "sha512-Neqkc6gM7F5d+nBvDSlKQmQOjdWNabLT2EXpVvpJb6oD8lD3hRujd8IDd1UViQR++SSTkhLcsC3Ru7hc6XjT5A=="
    }
  }
}
